// !$*UTF8*$!
{
	archiveVersion = 1;
	classes = {
	};
	objectVersion = 56;
	objects = {

/* Begin PBXBuildFile section */
		BB557D652E5D54B100223B23 /* ParallaxScrollView.swift in Sources */ = {isa = PBXBuildFile; fileRef = BB557D642E5D54B100223B23 /* ParallaxScrollView.swift */; };
		BB557D672E5D555900223B23 /* StickyParallaxHeader.swift in Sources */ = {isa = PBXBuildFile; fileRef = BB557D662E5D555900223B23 /* StickyParallaxHeader.swift */; };
		BB557D692E5DA67F00223B23 /* StickyHeaderScroll.swift in Sources */ = {isa = PBXBuildFile; fileRef = BB557D682E5DA67F00223B23 /* StickyHeaderScroll.swift */; };
		BB6C3BE32E56AE7200E34D6E /* ECommerceAppApp.swift in Sources */ = {isa = PBXBuildFile; fileRef = BB6C3BE22E56AE7200E34D6E /* ECommerceAppApp.swift */; };
		BB6C3BE52E56AE7200E34D6E /* HomeView.swift in Sources */ = {isa = PBXBuildFile; fileRef = BB6C3BE42E56AE7200E34D6E /* HomeView.swift */; };
		BB6C3BE72E56AE7700E34D6E /* Assets.xcassets in Resources */ = {isa = PBXBuildFile; fileRef = BB6C3BE62E56AE7700E34D6E /* Assets.xcassets */; };
		BB6C3BEA2E56AE7700E34D6E /* Preview Assets.xcassets in Resources */ = {isa = PBXBuildFile; fileRef = BB6C3BE92E56AE7700E34D6E /* Preview Assets.xcassets */; };
		BB6C3BEC2E56AE7700E34D6E /* Persistence.swift in Sources */ = {isa = PBXBuildFile; fileRef = BB6C3BEB2E56AE7700E34D6E /* Persistence.swift */; };
		BB6C3BEF2E56AE7700E34D6E /* ECommerceApp.xcdatamodeld in Sources */ = {isa = PBXBuildFile; fileRef = BB6C3BED2E56AE7700E34D6E /* ECommerceApp.xcdatamodeld */; };
		BB6C3BFA2E56AE7800E34D6E /* ECommerceAppTests.swift in Sources */ = {isa = PBXBuildFile; fileRef = BB6C3BF92E56AE7800E34D6E /* ECommerceAppTests.swift */; };
		BB6C3C042E56AE7800E34D6E /* ECommerceAppUITests.swift in Sources */ = {isa = PBXBuildFile; fileRef = BB6C3C032E56AE7800E34D6E /* ECommerceAppUITests.swift */; };
		BB6C3C062E56AE7800E34D6E /* ECommerceAppUITestsLaunchTests.swift in Sources */ = {isa = PBXBuildFile; fileRef = BB6C3C052E56AE7800E34D6E /* ECommerceAppUITestsLaunchTests.swift */; };
		BB6C3C142E56B05300E34D6E /* LoginView.swift in Sources */ = {isa = PBXBuildFile; fileRef = BB6C3C132E56B05300E34D6E /* LoginView.swift */; };
		BB6C3C192E56B17F00E34D6E /* UserM.swift in Sources */ = {isa = PBXBuildFile; fileRef = BB6C3C182E56B17F00E34D6E /* UserM.swift */; };
		BB6C3C1B2E56B19E00E34D6E /* ProductM.swift in Sources */ = {isa = PBXBuildFile; fileRef = BB6C3C1A2E56B19E00E34D6E /* ProductM.swift */; };
		BB6C3C1D2E56B1BD00E34D6E /* CartItemM.swift in Sources */ = {isa = PBXBuildFile; fileRef = BB6C3C1C2E56B1BD00E34D6E /* CartItemM.swift */; };
		BB6C3C1F2E56B25300E34D6E /* AuthViewModel.swift in Sources */ = {isa = PBXBuildFile; fileRef = BB6C3C1E2E56B25300E34D6E /* AuthViewModel.swift */; };
		BB6C3C212E56B27700E34D6E /* CartViewModel.swift in Sources */ = {isa = PBXBuildFile; fileRef = BB6C3C202E56B27700E34D6E /* CartViewModel.swift */; };
		BB6C3C232E56B29200E34D6E /* ProductListViewModel.swift in Sources */ = {isa = PBXBuildFile; fileRef = BB6C3C222E56B29200E34D6E /* ProductListViewModel.swift */; };
		BB6C3C252E56B2F800E34D6E /* ProfileViewModel.swift in Sources */ = {isa = PBXBuildFile; fileRef = BB6C3C242E56B2F800E34D6E /* ProfileViewModel.swift */; };
		BB6C3C272E56B31800E34D6E /* APIService.swift in Sources */ = {isa = PBXBuildFile; fileRef = BB6C3C262E56B31800E34D6E /* APIService.swift */; };
		BB6C3C292E56BDF600E34D6E /* SignupView.swift in Sources */ = {isa = PBXBuildFile; fileRef = BB6C3C282E56BDF600E34D6E /* SignupView.swift */; };
		BB6C3C2B2E56BE8600E34D6E /* ForgotPasswordView.swift in Sources */ = {isa = PBXBuildFile; fileRef = BB6C3C2A2E56BE8600E34D6E /* ForgotPasswordView.swift */; };
		BB6C3C2D2E56CF8900E34D6E /* ProductListView.swift in Sources */ = {isa = PBXBuildFile; fileRef = BB6C3C2C2E56CF8900E34D6E /* ProductListView.swift */; };
		BB6C3C2F2E56CFA900E34D6E /* CartView.swift in Sources */ = {isa = PBXBuildFile; fileRef = BB6C3C2E2E56CFA900E34D6E /* CartView.swift */; };
		BB6C3C312E56D17200E34D6E /* ProfileView.swift in Sources */ = {isa = PBXBuildFile; fileRef = BB6C3C302E56D17200E34D6E /* ProfileView.swift */; };
		BB6C3C332E56D2CD00E34D6E /* ProductDetailView.swift in Sources */ = {isa = PBXBuildFile; fileRef = BB6C3C322E56D2CD00E34D6E /* ProductDetailView.swift */; };
		BB6C3C352E56D2FE00E34D6E /* ProductDetailViewModel.swift in Sources */ = {isa = PBXBuildFile; fileRef = BB6C3C342E56D2FD00E34D6E /* ProductDetailViewModel.swift */; };
		BBC3BF8D2E66F2F3002B3C1A /* RootView.swift in Sources */ = {isa = PBXBuildFile; fileRef = BBC3BF8C2E66F2F3002B3C1A /* RootView.swift */; };
		BBC3BF8F2E69B1FF002B3C1A /* EditProfileView.swift in Sources */ = {isa = PBXBuildFile; fileRef = BBC3BF8E2E69B1FF002B3C1A /* EditProfileView.swift */; };
		BBC3BF912E6AEBED002B3C1A /* UserListView.swift in Sources */ = {isa = PBXBuildFile; fileRef = BBC3BF902E6AEBED002B3C1A /* UserListView.swift */; };
		BBC3BF932E6AEC51002B3C1A /* AddEditUserView.swift in Sources */ = {isa = PBXBuildFile; fileRef = BBC3BF922E6AEC51002B3C1A /* AddEditUserView.swift */; };
		BBD57D4F2E5FE0FE00462F70 /* FlipkartScreen.swift in Sources */ = {isa = PBXBuildFile; fileRef = BBD57D4E2E5FE0FE00462F70 /* FlipkartScreen.swift */; };
		BBD57D512E60733500462F70 /* CartButton.swift in Sources */ = {isa = PBXBuildFile; fileRef = BBD57D502E60733500462F70 /* CartButton.swift */; };
/* End PBXBuildFile section */

/* Begin PBXContainerItemProxy section */
		BB6C3BF62E56AE7800E34D6E /* PBXContainerItemProxy */ = {
			isa = PBXContainerItemProxy;
			containerPortal = BB6C3BD72E56AE7200E34D6E /* Project object */;
			proxyType = 1;
			remoteGlobalIDString = BB6C3BDE2E56AE7200E34D6E;
			remoteInfo = ECommerceApp;
		};
		BB6C3C002E56AE7800E34D6E /* PBXContainerItemProxy */ = {
			isa = PBXContainerItemProxy;
			containerPortal = BB6C3BD72E56AE7200E34D6E /* Project object */;
			proxyType = 1;
			remoteGlobalIDString = BB6C3BDE2E56AE7200E34D6E;
			remoteInfo = ECommerceApp;
		};
/* End PBXContainerItemProxy section */

/* Begin PBXFileReference section */
		BB557D642E5D54B100223B23 /* ParallaxScrollView.swift */ = {isa = PBXFileReference; lastKnownFileType = sourcecode.swift; path = ParallaxScrollView.swift; sourceTree = "<group>"; };
		BB557D662E5D555900223B23 /* StickyParallaxHeader.swift */ = {isa = PBXFileReference; lastKnownFileType = sourcecode.swift; path = StickyParallaxHeader.swift; sourceTree = "<group>"; };
		BB557D682E5DA67F00223B23 /* StickyHeaderScroll.swift */ = {isa = PBXFileReference; lastKnownFileType = sourcecode.swift; path = StickyHeaderScroll.swift; sourceTree = "<group>"; };
		BB6C3BDF2E56AE7200E34D6E /* ECommerceApp.app */ = {isa = PBXFileReference; explicitFileType = wrapper.application; includeInIndex = 0; path = ECommerceApp.app; sourceTree = BUILT_PRODUCTS_DIR; };
		BB6C3BE22E56AE7200E34D6E /* ECommerceAppApp.swift */ = {isa = PBXFileReference; lastKnownFileType = sourcecode.swift; path = ECommerceAppApp.swift; sourceTree = "<group>"; };
		BB6C3BE42E56AE7200E34D6E /* HomeView.swift */ = {isa = PBXFileReference; lastKnownFileType = sourcecode.swift; path = HomeView.swift; sourceTree = "<group>"; };
		BB6C3BE62E56AE7700E34D6E /* Assets.xcassets */ = {isa = PBXFileReference; lastKnownFileType = folder.assetcatalog; path = Assets.xcassets; sourceTree = "<group>"; };
		BB6C3BE92E56AE7700E34D6E /* Preview Assets.xcassets */ = {isa = PBXFileReference; lastKnownFileType = folder.assetcatalog; path = "Preview Assets.xcassets"; sourceTree = "<group>"; };
		BB6C3BEB2E56AE7700E34D6E /* Persistence.swift */ = {isa = PBXFileReference; lastKnownFileType = sourcecode.swift; path = Persistence.swift; sourceTree = "<group>"; };
		BB6C3BEE2E56AE7700E34D6E /* ECommerceApp.xcdatamodel */ = {isa = PBXFileReference; lastKnownFileType = wrapper.xcdatamodel; path = ECommerceApp.xcdatamodel; sourceTree = "<group>"; };
		BB6C3BF02E56AE7700E34D6E /* Info.plist */ = {isa = PBXFileReference; lastKnownFileType = text.plist.xml; path = Info.plist; sourceTree = "<group>"; };
		BB6C3BF52E56AE7800E34D6E /* ECommerceAppTests.xctest */ = {isa = PBXFileReference; explicitFileType = wrapper.cfbundle; includeInIndex = 0; path = ECommerceAppTests.xctest; sourceTree = BUILT_PRODUCTS_DIR; };
		BB6C3BF92E56AE7800E34D6E /* ECommerceAppTests.swift */ = {isa = PBXFileReference; lastKnownFileType = sourcecode.swift; path = ECommerceAppTests.swift; sourceTree = "<group>"; };
		BB6C3BFF2E56AE7800E34D6E /* ECommerceAppUITests.xctest */ = {isa = PBXFileReference; explicitFileType = wrapper.cfbundle; includeInIndex = 0; path = ECommerceAppUITests.xctest; sourceTree = BUILT_PRODUCTS_DIR; };
		BB6C3C032E56AE7800E34D6E /* ECommerceAppUITests.swift */ = {isa = PBXFileReference; lastKnownFileType = sourcecode.swift; path = ECommerceAppUITests.swift; sourceTree = "<group>"; };
		BB6C3C052E56AE7800E34D6E /* ECommerceAppUITestsLaunchTests.swift */ = {isa = PBXFileReference; lastKnownFileType = sourcecode.swift; path = ECommerceAppUITestsLaunchTests.swift; sourceTree = "<group>"; };
		BB6C3C132E56B05300E34D6E /* LoginView.swift */ = {isa = PBXFileReference; lastKnownFileType = sourcecode.swift; path = LoginView.swift; sourceTree = "<group>"; };
		BB6C3C182E56B17F00E34D6E /* UserM.swift */ = {isa = PBXFileReference; lastKnownFileType = sourcecode.swift; path = UserM.swift; sourceTree = "<group>"; };
		BB6C3C1A2E56B19E00E34D6E /* ProductM.swift */ = {isa = PBXFileReference; lastKnownFileType = sourcecode.swift; path = ProductM.swift; sourceTree = "<group>"; };
		BB6C3C1C2E56B1BD00E34D6E /* CartItemM.swift */ = {isa = PBXFileReference; lastKnownFileType = sourcecode.swift; path = CartItemM.swift; sourceTree = "<group>"; };
		BB6C3C1E2E56B25300E34D6E /* AuthViewModel.swift */ = {isa = PBXFileReference; lastKnownFileType = sourcecode.swift; path = AuthViewModel.swift; sourceTree = "<group>"; };
		BB6C3C202E56B27700E34D6E /* CartViewModel.swift */ = {isa = PBXFileReference; lastKnownFileType = sourcecode.swift; path = CartViewModel.swift; sourceTree = "<group>"; };
		BB6C3C222E56B29200E34D6E /* ProductListViewModel.swift */ = {isa = PBXFileReference; lastKnownFileType = sourcecode.swift; path = ProductListViewModel.swift; sourceTree = "<group>"; };
		BB6C3C242E56B2F800E34D6E /* ProfileViewModel.swift */ = {isa = PBXFileReference; lastKnownFileType = sourcecode.swift; path = ProfileViewModel.swift; sourceTree = "<group>"; };
		BB6C3C262E56B31800E34D6E /* APIService.swift */ = {isa = PBXFileReference; lastKnownFileType = sourcecode.swift; path = APIService.swift; sourceTree = "<group>"; };
		BB6C3C282E56BDF600E34D6E /* SignupView.swift */ = {isa = PBXFileReference; lastKnownFileType = sourcecode.swift; path = SignupView.swift; sourceTree = "<group>"; };
		BB6C3C2A2E56BE8600E34D6E /* ForgotPasswordView.swift */ = {isa = PBXFileReference; lastKnownFileType = sourcecode.swift; path = ForgotPasswordView.swift; sourceTree = "<group>"; };
		BB6C3C2C2E56CF8900E34D6E /* ProductListView.swift */ = {isa = PBXFileReference; lastKnownFileType = sourcecode.swift; path = ProductListView.swift; sourceTree = "<group>"; };
		BB6C3C2E2E56CFA900E34D6E /* CartView.swift */ = {isa = PBXFileReference; lastKnownFileType = sourcecode.swift; path = CartView.swift; sourceTree = "<group>"; };
		BB6C3C302E56D17200E34D6E /* ProfileView.swift */ = {isa = PBXFileReference; lastKnownFileType = sourcecode.swift; path = ProfileView.swift; sourceTree = "<group>"; };
		BB6C3C322E56D2CD00E34D6E /* ProductDetailView.swift */ = {isa = PBXFileReference; lastKnownFileType = sourcecode.swift; path = ProductDetailView.swift; sourceTree = "<group>"; };
		BB6C3C342E56D2FD00E34D6E /* ProductDetailViewModel.swift */ = {isa = PBXFileReference; lastKnownFileType = sourcecode.swift; path = ProductDetailViewModel.swift; sourceTree = "<group>"; };
		BBC3BF8C2E66F2F3002B3C1A /* RootView.swift */ = {isa = PBXFileReference; lastKnownFileType = sourcecode.swift; path = RootView.swift; sourceTree = "<group>"; };
		BBC3BF8E2E69B1FF002B3C1A /* EditProfileView.swift */ = {isa = PBXFileReference; lastKnownFileType = sourcecode.swift; path = EditProfileView.swift; sourceTree = "<group>"; };
		BBC3BF902E6AEBED002B3C1A /* UserListView.swift */ = {isa = PBXFileReference; lastKnownFileType = sourcecode.swift; path = UserListView.swift; sourceTree = "<group>"; };
		BBC3BF922E6AEC51002B3C1A /* AddEditUserView.swift */ = {isa = PBXFileReference; lastKnownFileType = sourcecode.swift; path = AddEditUserView.swift; sourceTree = "<group>"; };
		BBD57D4E2E5FE0FE00462F70 /* FlipkartScreen.swift */ = {isa = PBXFileReference; lastKnownFileType = sourcecode.swift; path = FlipkartScreen.swift; sourceTree = "<group>"; };
		BBD57D502E60733500462F70 /* CartButton.swift */ = {isa = PBXFileReference; lastKnownFileType = sourcecode.swift; path = CartButton.swift; sourceTree = "<group>"; };
/* End PBXFileReference section */

/* Begin PBXFrameworksBuildPhase section */
		BB6C3BDC2E56AE7200E34D6E /* Frameworks */ = {
			isa = PBXFrameworksBuildPhase;
			buildActionMask = 2147483647;
			files = (
			);
			runOnlyForDeploymentPostprocessing = 0;
		};
		BB6C3BF22E56AE7800E34D6E /* Frameworks */ = {
			isa = PBXFrameworksBuildPhase;
			buildActionMask = 2147483647;
			files = (
			);
			runOnlyForDeploymentPostprocessing = 0;
		};
		BB6C3BFC2E56AE7800E34D6E /* Frameworks */ = {
			isa = PBXFrameworksBuildPhase;
			buildActionMask = 2147483647;
			files = (
			);
			runOnlyForDeploymentPostprocessing = 0;
		};
/* End PBXFrameworksBuildPhase section */

/* Begin PBXGroup section */
		BB6C3BD62E56AE7200E34D6E = {
			isa = PBXGroup;
			children = (
				BB6C3BE12E56AE7200E34D6E /* ECommerceApp */,
				BB6C3BF82E56AE7800E34D6E /* ECommerceAppTests */,
				BB6C3C022E56AE7800E34D6E /* ECommerceAppUITests */,
				BB6C3BE02E56AE7200E34D6E /* Products */,
			);
			sourceTree = "<group>";
		};
		BB6C3BE02E56AE7200E34D6E /* Products */ = {
			isa = PBXGroup;
			children = (
				BB6C3BDF2E56AE7200E34D6E /* ECommerceApp.app */,
				BB6C3BF52E56AE7800E34D6E /* ECommerceAppTests.xctest */,
				BB6C3BFF2E56AE7800E34D6E /* ECommerceAppUITests.xctest */,
			);
			name = Products;
			sourceTree = "<group>";
		};
		BB6C3BE12E56AE7200E34D6E /* ECommerceApp */ = {
			isa = PBXGroup;
			children = (
				BB6C3C172E56B0EC00E34D6E /* ViewModels */,
				BB6C3C162E56B0E300E34D6E /* Services */,
				BB6C3C152E56B0DA00E34D6E /* Models */,
				BB6C3C122E56AFA300E34D6E /* Views */,
				BB6C3BE22E56AE7200E34D6E /* ECommerceAppApp.swift */,
				BB6C3BE62E56AE7700E34D6E /* Assets.xcassets */,
				BB6C3BEB2E56AE7700E34D6E /* Persistence.swift */,
				BB6C3BF02E56AE7700E34D6E /* Info.plist */,
				BB6C3BED2E56AE7700E34D6E /* ECommerceApp.xcdatamodeld */,
				BB6C3BE82E56AE7700E34D6E /* Preview Content */,
			);
			path = ECommerceApp;
			sourceTree = "<group>";
		};
		BB6C3BE82E56AE7700E34D6E /* Preview Content */ = {
			isa = PBXGroup;
			children = (
				BB6C3BE92E56AE7700E34D6E /* Preview Assets.xcassets */,
			);
			path = "Preview Content";
			sourceTree = "<group>";
		};
		BB6C3BF82E56AE7800E34D6E /* ECommerceAppTests */ = {
			isa = PBXGroup;
			children = (
				BB6C3BF92E56AE7800E34D6E /* ECommerceAppTests.swift */,
			);
			path = ECommerceAppTests;
			sourceTree = "<group>";
		};
		BB6C3C022E56AE7800E34D6E /* ECommerceAppUITests */ = {
			isa = PBXGroup;
			children = (
				BB6C3C032E56AE7800E34D6E /* ECommerceAppUITests.swift */,
				BB6C3C052E56AE7800E34D6E /* ECommerceAppUITestsLaunchTests.swift */,
			);
			path = ECommerceAppUITests;
			sourceTree = "<group>";
		};
		BB6C3C122E56AFA300E34D6E /* Views */ = {
			isa = PBXGroup;
			children = (
				BB6C3BE42E56AE7200E34D6E /* HomeView.swift */,
				BBD57D502E60733500462F70 /* CartButton.swift */,
				BB557D662E5D555900223B23 /* StickyParallaxHeader.swift */,
				BBD57D4E2E5FE0FE00462F70 /* FlipkartScreen.swift */,
				BB6C3C2C2E56CF8900E34D6E /* ProductListView.swift */,
				BB6C3C132E56B05300E34D6E /* LoginView.swift */,
				BB6C3C282E56BDF600E34D6E /* SignupView.swift */,
				BB6C3C2A2E56BE8600E34D6E /* ForgotPasswordView.swift */,
				BB6C3C2E2E56CFA900E34D6E /* CartView.swift */,
				BB6C3C302E56D17200E34D6E /* ProfileView.swift */,
				BB6C3C322E56D2CD00E34D6E /* ProductDetailView.swift */,
				BB557D642E5D54B100223B23 /* ParallaxScrollView.swift */,
				BB557D682E5DA67F00223B23 /* StickyHeaderScroll.swift */,
				BBC3BF8C2E66F2F3002B3C1A /* RootView.swift */,
				BBC3BF8E2E69B1FF002B3C1A /* EditProfileView.swift */,
				BBC3BF922E6AEC51002B3C1A /* AddEditUserView.swift */,
				BBC3BF902E6AEBED002B3C1A /* UserListView.swift */,
			);
			path = Views;
			sourceTree = "<group>";
		};
		BB6C3C152E56B0DA00E34D6E /* Models */ = {
			isa = PBXGroup;
			children = (
				BB6C3C182E56B17F00E34D6E /* UserM.swift */,
				BB6C3C1A2E56B19E00E34D6E /* ProductM.swift */,
				BB6C3C1C2E56B1BD00E34D6E /* CartItemM.swift */,
			);
			path = Models;
			sourceTree = "<group>";
		};
		BB6C3C162E56B0E300E34D6E /* Services */ = {
			isa = PBXGroup;
			children = (
				BB6C3C262E56B31800E34D6E /* APIService.swift */,
			);
			path = Services;
			sourceTree = "<group>";
		};
		BB6C3C172E56B0EC00E34D6E /* ViewModels */ = {
			isa = PBXGroup;
			children = (
				BB6C3C1E2E56B25300E34D6E /* AuthViewModel.swift */,
				BB6C3C202E56B27700E34D6E /* CartViewModel.swift */,
				BB6C3C222E56B29200E34D6E /* ProductListViewModel.swift */,
				BB6C3C242E56B2F800E34D6E /* ProfileViewModel.swift */,
				BB6C3C342E56D2FD00E34D6E /* ProductDetailViewModel.swift */,
			);
			path = ViewModels;
			sourceTree = "<group>";
		};
/* End PBXGroup section */

/* Begin PBXNativeTarget section */
		BB6C3BDE2E56AE7200E34D6E /* ECommerceApp */ = {
			isa = PBXNativeTarget;
			buildConfigurationList = BB6C3C092E56AE7800E34D6E /* Build configuration list for PBXNativeTarget "ECommerceApp" */;
			buildPhases = (
				BB6C3BDB2E56AE7200E34D6E /* Sources */,
				BB6C3BDC2E56AE7200E34D6E /* Frameworks */,
				BB6C3BDD2E56AE7200E34D6E /* Resources */,
			);
			buildRules = (
			);
			dependencies = (
			);
			name = ECommerceApp;
			productName = ECommerceApp;
			productReference = BB6C3BDF2E56AE7200E34D6E /* ECommerceApp.app */;
			productType = "com.apple.product-type.application";
		};
		BB6C3BF42E56AE7800E34D6E /* ECommerceAppTests */ = {
			isa = PBXNativeTarget;
			buildConfigurationList = BB6C3C0C2E56AE7800E34D6E /* Build configuration list for PBXNativeTarget "ECommerceAppTests" */;
			buildPhases = (
				BB6C3BF12E56AE7800E34D6E /* Sources */,
				BB6C3BF22E56AE7800E34D6E /* Frameworks */,
				BB6C3BF32E56AE7800E34D6E /* Resources */,
			);
			buildRules = (
			);
			dependencies = (
				BB6C3BF72E56AE7800E34D6E /* PBXTargetDependency */,
			);
			name = ECommerceAppTests;
			productName = ECommerceAppTests;
			productReference = BB6C3BF52E56AE7800E34D6E /* ECommerceAppTests.xctest */;
			productType = "com.apple.product-type.bundle.unit-test";
		};
		BB6C3BFE2E56AE7800E34D6E /* ECommerceAppUITests */ = {
			isa = PBXNativeTarget;
			buildConfigurationList = BB6C3C0F2E56AE7800E34D6E /* Build configuration list for PBXNativeTarget "ECommerceAppUITests" */;
			buildPhases = (
				BB6C3BFB2E56AE7800E34D6E /* Sources */,
				BB6C3BFC2E56AE7800E34D6E /* Frameworks */,
				BB6C3BFD2E56AE7800E34D6E /* Resources */,
			);
			buildRules = (
			);
			dependencies = (
				BB6C3C012E56AE7800E34D6E /* PBXTargetDependency */,
			);
			name = ECommerceAppUITests;
			productName = ECommerceAppUITests;
			productReference = BB6C3BFF2E56AE7800E34D6E /* ECommerceAppUITests.xctest */;
			productType = "com.apple.product-type.bundle.ui-testing";
		};
/* End PBXNativeTarget section */

/* Begin PBXProject section */
		BB6C3BD72E56AE7200E34D6E /* Project object */ = {
			isa = PBXProject;
			attributes = {
				BuildIndependentTargetsInParallel = 1;
				LastSwiftUpdateCheck = 1420;
				LastUpgradeCheck = 1420;
				TargetAttributes = {
					BB6C3BDE2E56AE7200E34D6E = {
						CreatedOnToolsVersion = 14.2;
					};
					BB6C3BF42E56AE7800E34D6E = {
						CreatedOnToolsVersion = 14.2;
						TestTargetID = BB6C3BDE2E56AE7200E34D6E;
					};
					BB6C3BFE2E56AE7800E34D6E = {
						CreatedOnToolsVersion = 14.2;
						TestTargetID = BB6C3BDE2E56AE7200E34D6E;
					};
				};
			};
			buildConfigurationList = BB6C3BDA2E56AE7200E34D6E /* Build configuration list for PBXProject "ECommerceApp" */;
			compatibilityVersion = "Xcode 14.0";
			developmentRegion = en;
			hasScannedForEncodings = 0;
			knownRegions = (
				en,
				Base,
			);
			mainGroup = BB6C3BD62E56AE7200E34D6E;
			productRefGroup = BB6C3BE02E56AE7200E34D6E /* Products */;
			projectDirPath = "";
			projectRoot = "";
			targets = (
				BB6C3BDE2E56AE7200E34D6E /* ECommerceApp */,
				BB6C3BF42E56AE7800E34D6E /* ECommerceAppTests */,
				BB6C3BFE2E56AE7800E34D6E /* ECommerceAppUITests */,
			);
		};
/* End PBXProject section */

/* Begin PBXResourcesBuildPhase section */
		BB6C3BDD2E56AE7200E34D6E /* Resources */ = {
			isa = PBXResourcesBuildPhase;
			buildActionMask = 2147483647;
			files = (
				BB6C3BEA2E56AE7700E34D6E /* Preview Assets.xcassets in Resources */,
				BB6C3BE72E56AE7700E34D6E /* Assets.xcassets in Resources */,
			);
			runOnlyForDeploymentPostprocessing = 0;
		};
		BB6C3BF32E56AE7800E34D6E /* Resources */ = {
			isa = PBXResourcesBuildPhase;
			buildActionMask = 2147483647;
			files = (
			);
			runOnlyForDeploymentPostprocessing = 0;
		};
		BB6C3BFD2E56AE7800E34D6E /* Resources */ = {
			isa = PBXResourcesBuildPhase;
			buildActionMask = 2147483647;
			files = (
			);
			runOnlyForDeploymentPostprocessing = 0;
		};
/* End PBXResourcesBuildPhase section */

/* Begin PBXSourcesBuildPhase section */
		BB6C3BDB2E56AE7200E34D6E /* Sources */ = {
			isa = PBXSourcesBuildPhase;
			buildActionMask = 2147483647;
			files = (
				BB557D652E5D54B100223B23 /* ParallaxScrollView.swift in Sources */,
				BBC3BF932E6AEC51002B3C1A /* AddEditUserView.swift in Sources */,
				BB6C3C292E56BDF600E34D6E /* SignupView.swift in Sources */,
				BB6C3C232E56B29200E34D6E /* ProductListViewModel.swift in Sources */,
				BB6C3C1D2E56B1BD00E34D6E /* CartItemM.swift in Sources */,
				BB6C3C352E56D2FE00E34D6E /* ProductDetailViewModel.swift in Sources */,
				BB6C3C2F2E56CFA900E34D6E /* CartView.swift in Sources */,
				BB6C3BEC2E56AE7700E34D6E /* Persistence.swift in Sources */,
				BBC3BF912E6AEBED002B3C1A /* UserListView.swift in Sources */,
				BB6C3C332E56D2CD00E34D6E /* ProductDetailView.swift in Sources */,
				BB6C3BE52E56AE7200E34D6E /* HomeView.swift in Sources */,
				BBC3BF8F2E69B1FF002B3C1A /* EditProfileView.swift in Sources */,
				BB6C3C192E56B17F00E34D6E /* UserM.swift in Sources */,
				BB6C3BEF2E56AE7700E34D6E /* ECommerceApp.xcdatamodeld in Sources */,
				BB6C3C252E56B2F800E34D6E /* ProfileViewModel.swift in Sources */,
				BB6C3C2D2E56CF8900E34D6E /* ProductListView.swift in Sources */,
				BB6C3C312E56D17200E34D6E /* ProfileView.swift in Sources */,
				BB557D672E5D555900223B23 /* StickyParallaxHeader.swift in Sources */,
				BB6C3C1B2E56B19E00E34D6E /* ProductM.swift in Sources */,
				BB6C3C212E56B27700E34D6E /* CartViewModel.swift in Sources */,
				BB6C3C272E56B31800E34D6E /* APIService.swift in Sources */,
				BB557D692E5DA67F00223B23 /* StickyHeaderScroll.swift in Sources */,
				BB6C3C142E56B05300E34D6E /* LoginView.swift in Sources */,
				BBD57D4F2E5FE0FE00462F70 /* FlipkartScreen.swift in Sources */,
				BB6C3BE32E56AE7200E34D6E /* ECommerceAppApp.swift in Sources */,
				BBC3BF8D2E66F2F3002B3C1A /* RootView.swift in Sources */,
				BB6C3C2B2E56BE8600E34D6E /* ForgotPasswordView.swift in Sources */,
				BB6C3C1F2E56B25300E34D6E /* AuthViewModel.swift in Sources */,
				BBD57D512E60733500462F70 /* CartButton.swift in Sources */,
			);
			runOnlyForDeploymentPostprocessing = 0;
		};
		BB6C3BF12E56AE7800E34D6E /* Sources */ = {
			isa = PBXSourcesBuildPhase;
			buildActionMask = 2147483647;
			files = (
				BB6C3BFA2E56AE7800E34D6E /* ECommerceAppTests.swift in Sources */,
			);
			runOnlyForDeploymentPostprocessing = 0;
		};
		BB6C3BFB2E56AE7800E34D6E /* Sources */ = {
			isa = PBXSourcesBuildPhase;
			buildActionMask = 2147483647;
			files = (
				BB6C3C042E56AE7800E34D6E /* ECommerceAppUITests.swift in Sources */,
				BB6C3C062E56AE7800E34D6E /* ECommerceAppUITestsLaunchTests.swift in Sources */,
			);
			runOnlyForDeploymentPostprocessing = 0;
		};
/* End PBXSourcesBuildPhase section */

/* Begin PBXTargetDependency section */
		BB6C3BF72E56AE7800E34D6E /* PBXTargetDependency */ = {
			isa = PBXTargetDependency;
			target = BB6C3BDE2E56AE7200E34D6E /* ECommerceApp */;
			targetProxy = BB6C3BF62E56AE7800E34D6E /* PBXContainerItemProxy */;
		};
		BB6C3C012E56AE7800E34D6E /* PBXTargetDependency */ = {
			isa = PBXTargetDependency;
			target = BB6C3BDE2E56AE7200E34D6E /* ECommerceApp */;
			targetProxy = BB6C3C002E56AE7800E34D6E /* PBXContainerItemProxy */;
		};
/* End PBXTargetDependency section */

/* Begin XCBuildConfiguration section */
		BB6C3C072E56AE7800E34D6E /* Debug */ = {
			isa = XCBuildConfiguration;
			buildSettings = {
				ALWAYS_SEARCH_USER_PATHS = NO;
				CLANG_ANALYZER_NONNULL = YES;
				CLANG_ANALYZER_NUMBER_OBJECT_CONVERSION = YES_AGGRESSIVE;
				CLANG_CXX_LANGUAGE_STANDARD = "gnu++20";
				CLANG_ENABLE_MODULES = YES;
				CLANG_ENABLE_OBJC_ARC = YES;
				CLANG_ENABLE_OBJC_WEAK = YES;
				CLANG_WARN_BLOCK_CAPTURE_AUTORELEASING = YES;
				CLANG_WARN_BOOL_CONVERSION = YES;
				CLANG_WARN_COMMA = YES;
				CLANG_WARN_CONSTANT_CONVERSION = YES;
				CLANG_WARN_DEPRECATED_OBJC_IMPLEMENTATIONS = YES;
				CLANG_WARN_DIRECT_OBJC_ISA_USAGE = YES_ERROR;
				CLANG_WARN_DOCUMENTATION_COMMENTS = YES;
				CLANG_WARN_EMPTY_BODY = YES;
				CLANG_WARN_ENUM_CONVERSION = YES;
				CLANG_WARN_INFINITE_RECURSION = YES;
				CLANG_WARN_INT_CONVERSION = YES;
				CLANG_WARN_NON_LITERAL_NULL_CONVERSION = YES;
				CLANG_WARN_OBJC_IMPLICIT_RETAIN_SELF = YES;
				CLANG_WARN_OBJC_LITERAL_CONVERSION = YES;
				CLANG_WARN_OBJC_ROOT_CLASS = YES_ERROR;
				CLANG_WARN_QUOTED_INCLUDE_IN_FRAMEWORK_HEADER = YES;
				CLANG_WARN_RANGE_LOOP_ANALYSIS = YES;
				CLANG_WARN_STRICT_PROTOTYPES = YES;
				CLANG_WARN_SUSPICIOUS_MOVE = YES;
				CLANG_WARN_UNGUARDED_AVAILABILITY = YES_AGGRESSIVE;
				CLANG_WARN_UNREACHABLE_CODE = YES;
				CLANG_WARN__DUPLICATE_METHOD_MATCH = YES;
				COPY_PHASE_STRIP = NO;
				DEBUG_INFORMATION_FORMAT = dwarf;
				ENABLE_STRICT_OBJC_MSGSEND = YES;
				ENABLE_TESTABILITY = YES;
				GCC_C_LANGUAGE_STANDARD = gnu11;
				GCC_DYNAMIC_NO_PIC = NO;
				GCC_NO_COMMON_BLOCKS = YES;
				GCC_OPTIMIZATION_LEVEL = 0;
				GCC_PREPROCESSOR_DEFINITIONS = (
					"DEBUG=1",
					"$(inherited)",
				);
				GCC_WARN_64_TO_32_BIT_CONVERSION = YES;
				GCC_WARN_ABOUT_RETURN_TYPE = YES_ERROR;
				GCC_WARN_UNDECLARED_SELECTOR = YES;
				GCC_WARN_UNINITIALIZED_AUTOS = YES_AGGRESSIVE;
				GCC_WARN_UNUSED_FUNCTION = YES;
				GCC_WARN_UNUSED_VARIABLE = YES;
				IPHONEOS_DEPLOYMENT_TARGET = 16.2;
				MTL_ENABLE_DEBUG_INFO = INCLUDE_SOURCE;
				MTL_FAST_MATH = YES;
				ONLY_ACTIVE_ARCH = YES;
				SDKROOT = iphoneos;
				SWIFT_ACTIVE_COMPILATION_CONDITIONS = DEBUG;
				SWIFT_OPTIMIZATION_LEVEL = "-Onone";
			};
			name = Debug;
		};
		BB6C3C082E56AE7800E34D6E /* Release */ = {
			isa = XCBuildConfiguration;
			buildSettings = {
				ALWAYS_SEARCH_USER_PATHS = NO;
				CLANG_ANALYZER_NONNULL = YES;
				CLANG_ANALYZER_NUMBER_OBJECT_CONVERSION = YES_AGGRESSIVE;
				CLANG_CXX_LANGUAGE_STANDARD = "gnu++20";
				CLANG_ENABLE_MODULES = YES;
				CLANG_ENABLE_OBJC_ARC = YES;
				CLANG_ENABLE_OBJC_WEAK = YES;
				CLANG_WARN_BLOCK_CAPTURE_AUTORELEASING = YES;
				CLANG_WARN_BOOL_CONVERSION = YES;
				CLANG_WARN_COMMA = YES;
				CLANG_WARN_CONSTANT_CONVERSION = YES;
				CLANG_WARN_DEPRECATED_OBJC_IMPLEMENTATIONS = YES;
				CLANG_WARN_DIRECT_OBJC_ISA_USAGE = YES_ERROR;
				CLANG_WARN_DOCUMENTATION_COMMENTS = YES;
				CLANG_WARN_EMPTY_BODY = YES;
				CLANG_WARN_ENUM_CONVERSION = YES;
				CLANG_WARN_INFINITE_RECURSION = YES;
				CLANG_WARN_INT_CONVERSION = YES;
				CLANG_WARN_NON_LITERAL_NULL_CONVERSION = YES;
				CLANG_WARN_OBJC_IMPLICIT_RETAIN_SELF = YES;
				CLANG_WARN_OBJC_LITERAL_CONVERSION = YES;
				CLANG_WARN_OBJC_ROOT_CLASS = YES_ERROR;
				CLANG_WARN_QUOTED_INCLUDE_IN_FRAMEWORK_HEADER = YES;
				CLANG_WARN_RANGE_LOOP_ANALYSIS = YES;
				CLANG_WARN_STRICT_PROTOTYPES = YES;
				CLANG_WARN_SUSPICIOUS_MOVE = YES;
				CLANG_WARN_UNGUARDED_AVAILABILITY = YES_AGGRESSIVE;
				CLANG_WARN_UNREACHABLE_CODE = YES;
				CLANG_WARN__DUPLICATE_METHOD_MATCH = YES;
				COPY_PHASE_STRIP = NO;
				DEBUG_INFORMATION_FORMAT = "dwarf-with-dsym";
				ENABLE_NS_ASSERTIONS = NO;
				ENABLE_STRICT_OBJC_MSGSEND = YES;
				GCC_C_LANGUAGE_STANDARD = gnu11;
				GCC_NO_COMMON_BLOCKS = YES;
				GCC_WARN_64_TO_32_BIT_CONVERSION = YES;
				GCC_WARN_ABOUT_RETURN_TYPE = YES_ERROR;
				GCC_WARN_UNDECLARED_SELECTOR = YES;
				GCC_WARN_UNINITIALIZED_AUTOS = YES_AGGRESSIVE;
				GCC_WARN_UNUSED_FUNCTION = YES;
				GCC_WARN_UNUSED_VARIABLE = YES;
				IPHONEOS_DEPLOYMENT_TARGET = 16.2;
				MTL_ENABLE_DEBUG_INFO = NO;
				MTL_FAST_MATH = YES;
				SDKROOT = iphoneos;
				SWIFT_COMPILATION_MODE = wholemodule;
				SWIFT_OPTIMIZATION_LEVEL = "-O";
				VALIDATE_PRODUCT = YES;
			};
			name = Release;
		};
		BB6C3C0A2E56AE7800E34D6E /* Debug */ = {
			isa = XCBuildConfiguration;
			buildSettings = {
				ASSETCATALOG_COMPILER_APPICON_NAME = AppIcon;
				ASSETCATALOG_COMPILER_GLOBAL_ACCENT_COLOR_NAME = AccentColor;
				CODE_SIGN_STYLE = Automatic;
				CURRENT_PROJECT_VERSION = 1;
				DEVELOPMENT_ASSET_PATHS = "\"ECommerceApp/Preview Content\"";
				DEVELOPMENT_TEAM = PCC86VW54D;
				ENABLE_PREVIEWS = YES;
				GENERATE_INFOPLIST_FILE = YES;
				INFOPLIST_KEY_UIApplicationSceneManifest_Generation = YES;
				INFOPLIST_KEY_UIApplicationSupportsIndirectInputEvents = YES;
				INFOPLIST_KEY_UILaunchScreen_Generation = YES;
				INFOPLIST_KEY_UISupportedInterfaceOrientations_iPad = "UIInterfaceOrientationPortrait UIInterfaceOrientationPortraitUpsideDown UIInterfaceOrientationLandscapeLeft UIInterfaceOrientationLandscapeRight";
				INFOPLIST_KEY_UISupportedInterfaceOrientations_iPhone = "UIInterfaceOrientationPortrait UIInterfaceOrientationLandscapeLeft UIInterfaceOrientationLandscapeRight";
				LD_RUNPATH_SEARCH_PATHS = (
					"$(inherited)",
					"@executable_path/Frameworks",
				);
				MARKETING_VERSION = 1.0;
				PRODUCT_BUNDLE_IDENTIFIER = com.saurabh.ECommerceApp;
				PRODUCT_NAME = "$(TARGET_NAME)";
				SWIFT_EMIT_LOC_STRINGS = YES;
				SWIFT_VERSION = 5.0;
				TARGETED_DEVICE_FAMILY = "1,2";
			};
			name = Debug;
		};
		BB6C3C0B2E56AE7800E34D6E /* Release */ = {
			isa = XCBuildConfiguration;
			buildSettings = {
				ASSETCATALOG_COMPILER_APPICON_NAME = AppIcon;
				ASSETCATALOG_COMPILER_GLOBAL_ACCENT_COLOR_NAME = AccentColor;
				CODE_SIGN_STYLE = Automatic;
				CURRENT_PROJECT_VERSION = 1;
				DEVELOPMENT_ASSET_PATHS = "\"ECommerceApp/Preview Content\"";
				DEVELOPMENT_TEAM = PCC86VW54D;
				ENABLE_PREVIEWS = YES;
				GENERATE_INFOPLIST_FILE = YES;
				INFOPLIST_KEY_UIApplicationSceneManifest_Generation = YES;
				INFOPLIST_KEY_UIApplicationSupportsIndirectInputEvents = YES;
				INFOPLIST_KEY_UILaunchScreen_Generation = YES;
				INFOPLIST_KEY_UISupportedInterfaceOrientations_iPad = "UIInterfaceOrientationPortrait UIInterfaceOrientationPortraitUpsideDown UIInterfaceOrientationLandscapeLeft UIInterfaceOrientationLandscapeRight";
				INFOPLIST_KEY_UISupportedInterfaceOrientations_iPhone = "UIInterfaceOrientationPortrait UIInterfaceOrientationLandscapeLeft UIInterfaceOrientationLandscapeRight";
				LD_RUNPATH_SEARCH_PATHS = (
					"$(inherited)",
					"@executable_path/Frameworks",
				);
				MARKETING_VERSION = 1.0;
				PRODUCT_BUNDLE_IDENTIFIER = com.saurabh.ECommerceApp;
				PRODUCT_NAME = "$(TARGET_NAME)";
				SWIFT_EMIT_LOC_STRINGS = YES;
				SWIFT_VERSION = 5.0;
				TARGETED_DEVICE_FAMILY = "1,2";
			};
			name = Release;
		};
		BB6C3C0D2E56AE7800E34D6E /* Debug */ = {
			isa = XCBuildConfiguration;
			buildSettings = {
				ALWAYS_EMBED_SWIFT_STANDARD_LIBRARIES = YES;
				BUNDLE_LOADER = "$(TEST_HOST)";
				CODE_SIGN_STYLE = Automatic;
				CURRENT_PROJECT_VERSION = 1;
				DEVELOPMENT_TEAM = PCC86VW54D;
				GENERATE_INFOPLIST_FILE = YES;
				IPHONEOS_DEPLOYMENT_TARGET = 16.2;
				MARKETING_VERSION = 1.0;
				PRODUCT_BUNDLE_IDENTIFIER = com.saurabh.ECommerceAppTests;
				PRODUCT_NAME = "$(TARGET_NAME)";
				SWIFT_EMIT_LOC_STRINGS = NO;
				SWIFT_VERSION = 5.0;
				TARGETED_DEVICE_FAMILY = "1,2";
				TEST_HOST = "$(BUILT_PRODUCTS_DIR)/ECommerceApp.app/$(BUNDLE_EXECUTABLE_FOLDER_PATH)/ECommerceApp";
			};
			name = Debug;
		};
		BB6C3C0E2E56AE7800E34D6E /* Release */ = {
			isa = XCBuildConfiguration;
			buildSettings = {
				ALWAYS_EMBED_SWIFT_STANDARD_LIBRARIES = YES;
				BUNDLE_LOADER = "$(TEST_HOST)";
				CODE_SIGN_STYLE = Automatic;
				CURRENT_PROJECT_VERSION = 1;
				DEVELOPMENT_TEAM = PCC86VW54D;
				GENERATE_INFOPLIST_FILE = YES;
				IPHONEOS_DEPLOYMENT_TARGET = 16.2;
				MARKETING_VERSION = 1.0;
				PRODUCT_BUNDLE_IDENTIFIER = com.saurabh.ECommerceAppTests;
				PRODUCT_NAME = "$(TARGET_NAME)";
				SWIFT_EMIT_LOC_STRINGS = NO;
				SWIFT_VERSION = 5.0;
				TARGETED_DEVICE_FAMILY = "1,2";
				TEST_HOST = "$(BUILT_PRODUCTS_DIR)/ECommerceApp.app/$(BUNDLE_EXECUTABLE_FOLDER_PATH)/ECommerceApp";
			};
			name = Release;
		};
		BB6C3C102E56AE7800E34D6E /* Debug */ = {
			isa = XCBuildConfiguration;
			buildSettings = {
				ALWAYS_EMBED_SWIFT_STANDARD_LIBRARIES = YES;
				CODE_SIGN_STYLE = Automatic;
				CURRENT_PROJECT_VERSION = 1;
				DEVELOPMENT_TEAM = PCC86VW54D;
				GENERATE_INFOPLIST_FILE = YES;
				MARKETING_VERSION = 1.0;
				PRODUCT_BUNDLE_IDENTIFIER = com.saurabh.ECommerceAppUITests;
				PRODUCT_NAME = "$(TARGET_NAME)";
				SWIFT_EMIT_LOC_STRINGS = NO;
				SWIFT_VERSION = 5.0;
				TARGETED_DEVICE_FAMILY = "1,2";
				TEST_TARGET_NAME = ECommerceApp;
			};
			name = Debug;
		};
		BB6C3C112E56AE7800E34D6E /* Release */ = {
			isa = XCBuildConfiguration;
			buildSettings = {
				ALWAYS_EMBED_SWIFT_STANDARD_LIBRARIES = YES;
				CODE_SIGN_STYLE = Automatic;
				CURRENT_PROJECT_VERSION = 1;
				DEVELOPMENT_TEAM = PCC86VW54D;
				GENERATE_INFOPLIST_FILE = YES;
				MARKETING_VERSION = 1.0;
				PRODUCT_BUNDLE_IDENTIFIER = com.saurabh.ECommerceAppUITests;
				PRODUCT_NAME = "$(TARGET_NAME)";
				SWIFT_EMIT_LOC_STRINGS = NO;
				SWIFT_VERSION = 5.0;
				TARGETED_DEVICE_FAMILY = "1,2";
				TEST_TARGET_NAME = ECommerceApp;
			};
			name = Release;
		};
/* End XCBuildConfiguration section */

/* Begin XCConfigurationList section */
		BB6C3BDA2E56AE7200E34D6E /* Build configuration list for PBXProject "ECommerceApp" */ = {
			isa = XCConfigurationList;
			buildConfigurations = (
				BB6C3C072E56AE7800E34D6E /* Debug */,
				BB6C3C082E56AE7800E34D6E /* Release */,
			);
			defaultConfigurationIsVisible = 0;
			defaultConfigurationName = Release;
		};
		BB6C3C092E56AE7800E34D6E /* Build configuration list for PBXNativeTarget "ECommerceApp" */ = {
			isa = XCConfigurationList;
			buildConfigurations = (
				BB6C3C0A2E56AE7800E34D6E /* Debug */,
				BB6C3C0B2E56AE7800E34D6E /* Release */,
			);
			defaultConfigurationIsVisible = 0;
			defaultConfigurationName = Release;
		};
		BB6C3C0C2E56AE7800E34D6E /* Build configuration list for PBXNativeTarget "ECommerceAppTests" */ = {
			isa = XCConfigurationList;
			buildConfigurations = (
				BB6C3C0D2E56AE7800E34D6E /* Debug */,
				BB6C3C0E2E56AE7800E34D6E /* Release */,
			);
			defaultConfigurationIsVisible = 0;
			defaultConfigurationName = Release;
		};
		BB6C3C0F2E56AE7800E34D6E /* Build configuration list for PBXNativeTarget "ECommerceAppUITests" */ = {
			isa = XCConfigurationList;
			buildConfigurations = (
				BB6C3C102E56AE7800E34D6E /* Debug */,
				BB6C3C112E56AE7800E34D6E /* Release */,
			);
			defaultConfigurationIsVisible = 0;
			defaultConfigurationName = Release;
		};
/* End XCConfigurationList section */

/* Begin XCVersionGroup section */
		BB6C3BED2E56AE7700E34D6E /* ECommerceApp.xcdatamodeld */ = {
			isa = XCVersionGroup;
			children = (
				BB6C3BEE2E56AE7700E34D6E /* ECommerceApp.xcdatamodel */,
			);
			currentVersion = BB6C3BEE2E56AE7700E34D6E /* ECommerceApp.xcdatamodel */;
			path = ECommerceApp.xcdatamodeld;
			sourceTree = "<group>";
			versionGroupType = wrapper.xcdatamodel;
		};
/* End XCVersionGroup section */
	};
	rootObject = BB6C3BD72E56AE7200E34D6E /* Project object */;
}
